// !$*UTF8*$!
{
	archiveVersion = 1;
	classes = {
	};
	objectVersion = 48;
	objects = {

/* Begin PBXBuildFile section */
		5244A899204D284E00374C38 /* MethodTraceConfig.plist in Resources */ = {isa = PBXBuildFile; fileRef = 5244A898204D284E00374C38 /* MethodTraceConfig.plist */; };
		5244A89C204D284E00374C38 /* put ipa or app here in Resources */ = {isa = PBXBuildFile; fileRef = 5244A89B204D284E00374C38 /* put ipa or app here */; };
		5244A8A4204D284E00374C38 /* libPhoenix2Dylib.dylib in CopyFiles */ = {isa = PBXBuildFile; fileRef = 5244A8A3204D284E00374C38 /* libPhoenix2Dylib.dylib */; settings = {ATTRIBUTES = (CodeSignOnCopy, ); }; };
		5244A8A9204D284E00374C38 /* Cycript.framework in Frameworks */ = {isa = PBXBuildFile; fileRef = 5244A8A8204D284E00374C38 /* Cycript.framework */; };
		5244A8AB204D284E00374C38 /* JavaScriptCore.framework in Frameworks */ = {isa = PBXBuildFile; fileRef = 5244A8AA204D284E00374C38 /* JavaScriptCore.framework */; };
		5244A8AD204D284E00374C38 /* RevealServer.framework in Frameworks */ = {isa = PBXBuildFile; fileRef = 5244A8AC204D284E00374C38 /* RevealServer.framework */; };
		5244A8AF204D284E00374C38 /* Foundation.framework in Frameworks */ = {isa = PBXBuildFile; fileRef = 5244A8AE204D284E00374C38 /* Foundation.framework */; };
		5244A8B1204D284E00374C38 /* UIKit.framework in Frameworks */ = {isa = PBXBuildFile; fileRef = 5244A8B0204D284E00374C38 /* UIKit.framework */; };
		5244A8B5204D284E00374C38 /* ANYMethodLog.h in Headers */ = {isa = PBXBuildFile; fileRef = 5244A8B4204D284E00374C38 /* ANYMethodLog.h */; };
		5244A8B7204D284E00374C38 /* ANYMethodLog.m in Sources */ = {isa = PBXBuildFile; fileRef = 5244A8B6204D284E00374C38 /* ANYMethodLog.m */; };
		5244A8B9204D284E00374C38 /* MethodTrace.h in Headers */ = {isa = PBXBuildFile; fileRef = 5244A8B8204D284E00374C38 /* MethodTrace.h */; };
		5244A8BB204D284E00374C38 /* MethodTrace.m in Sources */ = {isa = PBXBuildFile; fileRef = 5244A8BA204D284E00374C38 /* MethodTrace.m */; };
		5244A8C0204D284E00374C38 /* AntiAntiDebug.m in Sources */ = {isa = PBXBuildFile; fileRef = 5244A8BF204D284E00374C38 /* AntiAntiDebug.m */; };
		5244A8C3204D284E00374C38 /* fishhook.c in Sources */ = {isa = PBXBuildFile; fileRef = 5244A8C2204D284E00374C38 /* fishhook.c */; };
		5244A8C5204D284E00374C38 /* fishhook.h in Headers */ = {isa = PBXBuildFile; fileRef = 5244A8C4204D284E00374C38 /* fishhook.h */; };
		5244A8C8204D284E00374C38 /* Phoenix2Dylib.mm in Sources */ = {isa = PBXBuildFile; fileRef = 5244A8C7204D284E00374C38 /* Phoenix2Dylib.mm */; };
		5244A8CA204D284E00374C38 /* Phoenix2Dylib.h in Headers */ = {isa = PBXBuildFile; fileRef = 5244A8C9204D284E00374C38 /* Phoenix2Dylib.h */; };
		5244A8CC204D284E00374C38 /* Phoenix2Dylib.m in Sources */ = {isa = PBXBuildFile; fileRef = 5244A8CB204D284E00374C38 /* Phoenix2Dylib.m */; };
/* End PBXBuildFile section */

/* Begin PBXContainerItemProxy section */
		5244A8A5204D284E00374C38 /* PBXContainerItemProxy */ = {
			isa = PBXContainerItemProxy;
			containerPortal = 5244A88A204D284E00374C38 /* Project object */;
			proxyType = 1;
			remoteGlobalIDString = 5244A8A2204D284E00374C38;
			remoteInfo = Phoenix2Dylib;
		};
/* End PBXContainerItemProxy section */

/* Begin PBXCopyFilesBuildPhase section */
		5244A892204D284E00374C38 /* CopyFiles */ = {
			isa = PBXCopyFilesBuildPhase;
			buildActionMask = 2147483647;
			dstPath = "";
			dstSubfolderSpec = 10;
			files = (
				5244A8A4204D284E00374C38 /* libPhoenix2Dylib.dylib in CopyFiles */,
			);
			runOnlyForDeploymentPostprocessing = 0;
		};
/* End PBXCopyFilesBuildPhase section */

/* Begin PBXFileReference section */
		5244A895204D284E00374C38 /* Phoenix2.app */ = {isa = PBXFileReference; explicitFileType = wrapper.application; includeInIndex = 0; path = Phoenix2.app; sourceTree = BUILT_PRODUCTS_DIR; };
		5244A898204D284E00374C38 /* MethodTraceConfig.plist */ = {isa = PBXFileReference; lastKnownFileType = text.plist.xml; path = MethodTraceConfig.plist; sourceTree = "<group>"; };
		5244A89B204D284E00374C38 /* put ipa or app here */ = {isa = PBXFileReference; lastKnownFileType = text; name = "put ipa or app here"; path = "TargetApp/put ipa or app here"; sourceTree = "<group>"; };
		5244A89D204D284E00374C38 /* Info.plist */ = {isa = PBXFileReference; lastKnownFileType = text.plist.xml; path = Info.plist; sourceTree = "<group>"; };
		5244A8A3204D284E00374C38 /* libPhoenix2Dylib.dylib */ = {isa = PBXFileReference; explicitFileType = "compiled.mach-o.dylib"; includeInIndex = 0; path = libPhoenix2Dylib.dylib; sourceTree = BUILT_PRODUCTS_DIR; };
		5244A8A8204D284E00374C38 /* Cycript.framework */ = {isa = PBXFileReference; lastKnownFileType = wrapper.framework; name = Cycript.framework; path = Library/Frameworks/Cycript.framework; sourceTree = DEVELOPER_DIR; };
		5244A8AA204D284E00374C38 /* JavaScriptCore.framework */ = {isa = PBXFileReference; lastKnownFileType = wrapper.framework; name = JavaScriptCore.framework; path = System/Library/Frameworks/JavaScriptCore.framework; sourceTree = SDKROOT; };
		5244A8AC204D284E00374C38 /* RevealServer.framework */ = {isa = PBXFileReference; lastKnownFileType = wrapper.framework; name = RevealServer.framework; path = Library/Frameworks/RevealServer.framework; sourceTree = DEVELOPER_DIR; };
		5244A8AE204D284E00374C38 /* Foundation.framework */ = {isa = PBXFileReference; lastKnownFileType = wrapper.framework; name = Foundation.framework; path = System/Library/Frameworks/Foundation.framework; sourceTree = SDKROOT; };
		5244A8B0204D284E00374C38 /* UIKit.framework */ = {isa = PBXFileReference; lastKnownFileType = wrapper.framework; name = UIKit.framework; path = System/Library/Frameworks/UIKit.framework; sourceTree = SDKROOT; };
		5244A8B4204D284E00374C38 /* ANYMethodLog.h */ = {isa = PBXFileReference; lastKnownFileType = sourcecode.c.h; name = ANYMethodLog.h; path = MethodTrace/ANYMethodLog.h; sourceTree = "<group>"; };
		5244A8B6204D284E00374C38 /* ANYMethodLog.m */ = {isa = PBXFileReference; lastKnownFileType = sourcecode.c.objc; name = ANYMethodLog.m; path = MethodTrace/ANYMethodLog.m; sourceTree = "<group>"; };
		5244A8B8204D284E00374C38 /* MethodTrace.h */ = {isa = PBXFileReference; lastKnownFileType = sourcecode.c.h; name = MethodTrace.h; path = MethodTrace/MethodTrace.h; sourceTree = "<group>"; };
		5244A8BA204D284E00374C38 /* MethodTrace.m */ = {isa = PBXFileReference; lastKnownFileType = sourcecode.c.objc; name = MethodTrace.m; path = MethodTrace/MethodTrace.m; sourceTree = "<group>"; };
		5244A8BD204D284E00374C38 /* Phoenix2Dylib-Prefix.pch */ = {isa = PBXFileReference; lastKnownFileType = sourcecode.c.h; path = "Phoenix2Dylib-Prefix.pch"; sourceTree = "<group>"; };
		5244A8BF204D284E00374C38 /* AntiAntiDebug.m */ = {isa = PBXFileReference; lastKnownFileType = sourcecode.c.objc; name = AntiAntiDebug.m; path = AntiAntiDebug/AntiAntiDebug.m; sourceTree = "<group>"; };
		5244A8C2204D284E00374C38 /* fishhook.c */ = {isa = PBXFileReference; lastKnownFileType = sourcecode.c.c; name = fishhook.c; path = fishhook/fishhook.c; sourceTree = "<group>"; };
		5244A8C4204D284E00374C38 /* fishhook.h */ = {isa = PBXFileReference; lastKnownFileType = sourcecode.c.h; name = fishhook.h; path = fishhook/fishhook.h; sourceTree = "<group>"; };
		5244A8C6204D284E00374C38 /* Phoenix2Dylib.xm */ = {isa = PBXFileReference; explicitFileType = sourcecode.cpp.objcpp.preprocessed; path = Phoenix2Dylib.xm; sourceTree = "<group>"; xcLanguageSpecificationIdentifier = xcode.lang.objcpp; };
		5244A8C7204D284E00374C38 /* Phoenix2Dylib.mm */ = {isa = PBXFileReference; lastKnownFileType = sourcecode.cpp.objcpp; path = Phoenix2Dylib.mm; sourceTree = "<group>"; };
		5244A8C9204D284E00374C38 /* Phoenix2Dylib.h */ = {isa = PBXFileReference; lastKnownFileType = sourcecode.c.h; path = Phoenix2Dylib.h; sourceTree = "<group>"; };
		5244A8CB204D284E00374C38 /* Phoenix2Dylib.m */ = {isa = PBXFileReference; lastKnownFileType = sourcecode.c.objc; path = Phoenix2Dylib.m; sourceTree = "<group>"; };
/* End PBXFileReference section */

/* Begin PBXFrameworksBuildPhase section */
		5244A88F204D284E00374C38 /* Frameworks */ = {
			isa = PBXFrameworksBuildPhase;
			buildActionMask = 2147483647;
			files = (
			);
			runOnlyForDeploymentPostprocessing = 0;
		};
		5244A8A0204D284E00374C38 /* Frameworks */ = {
			isa = PBXFrameworksBuildPhase;
			buildActionMask = 2147483647;
			files = (
				5244A8AB204D284E00374C38 /* JavaScriptCore.framework in Frameworks */,
				5244A8AD204D284E00374C38 /* RevealServer.framework in Frameworks */,
				5244A8A9204D284E00374C38 /* Cycript.framework in Frameworks */,
				5244A8AF204D284E00374C38 /* Foundation.framework in Frameworks */,
				5244A8B1204D284E00374C38 /* UIKit.framework in Frameworks */,
			);
			runOnlyForDeploymentPostprocessing = 0;
		};
/* End PBXFrameworksBuildPhase section */

/* Begin PBXGroup section */
		5244A889204D284E00374C38 = {
			isa = PBXGroup;
			children = (
				5244A897204D284E00374C38 /* Phoenix2 */,
				5244A8B2204D284E00374C38 /* Phoenix2Dylib */,
				5244A8A7204D284E00374C38 /* Frameworks */,
				5244A896204D284E00374C38 /* Products */,
			);
			sourceTree = "<group>";
		};
		5244A896204D284E00374C38 /* Products */ = {
			isa = PBXGroup;
			children = (
				5244A895204D284E00374C38 /* Phoenix2.app */,
				5244A8A3204D284E00374C38 /* libPhoenix2Dylib.dylib */,
			);
			name = Products;
			sourceTree = "<group>";
		};
		5244A897204D284E00374C38 /* Phoenix2 */ = {
			isa = PBXGroup;
			children = (
				5244A898204D284E00374C38 /* MethodTraceConfig.plist */,
				5244A89D204D284E00374C38 /* Info.plist */,
				5244A89A204D284E00374C38 /* TargetApp */,
			);
			path = Phoenix2;
			sourceTree = "<group>";
		};
		5244A89A204D284E00374C38 /* TargetApp */ = {
			isa = PBXGroup;
			children = (
				5244A89B204D284E00374C38 /* put ipa or app here */,
			);
			name = TargetApp;
			sourceTree = "<group>";
		};
		5244A8A7204D284E00374C38 /* Frameworks */ = {
			isa = PBXGroup;
			children = (
				5244A8A8204D284E00374C38 /* Cycript.framework */,
				5244A8AA204D284E00374C38 /* JavaScriptCore.framework */,
				5244A8AC204D284E00374C38 /* RevealServer.framework */,
				5244A8AE204D284E00374C38 /* Foundation.framework */,
				5244A8B0204D284E00374C38 /* UIKit.framework */,
			);
			name = Frameworks;
			sourceTree = "<group>";
		};
		5244A8B2204D284E00374C38 /* Phoenix2Dylib */ = {
			isa = PBXGroup;
			children = (
				5244A8C6204D284E00374C38 /* Phoenix2Dylib.xm */,
				5244A8C7204D284E00374C38 /* Phoenix2Dylib.mm */,
				5244A8C9204D284E00374C38 /* Phoenix2Dylib.h */,
				5244A8CB204D284E00374C38 /* Phoenix2Dylib.m */,
				5244A8B3204D284E00374C38 /* MethodTrace */,
				5244A8BE204D284E00374C38 /* AntiAntiDebug */,
				5244A8C1204D284E00374C38 /* fishhook */,
				5244A8BC204D284E00374C38 /* Supporting Files */,
			);
			path = Phoenix2Dylib;
			sourceTree = "<group>";
		};
		5244A8B3204D284E00374C38 /* MethodTrace */ = {
			isa = PBXGroup;
			children = (
				5244A8B4204D284E00374C38 /* ANYMethodLog.h */,
				5244A8B6204D284E00374C38 /* ANYMethodLog.m */,
				5244A8B8204D284E00374C38 /* MethodTrace.h */,
				5244A8BA204D284E00374C38 /* MethodTrace.m */,
			);
			name = MethodTrace;
			sourceTree = "<group>";
		};
		5244A8BC204D284E00374C38 /* Supporting Files */ = {
			isa = PBXGroup;
			children = (
				5244A8BD204D284E00374C38 /* Phoenix2Dylib-Prefix.pch */,
			);
			name = "Supporting Files";
			sourceTree = "<group>";
		};
		5244A8BE204D284E00374C38 /* AntiAntiDebug */ = {
			isa = PBXGroup;
			children = (
				5244A8BF204D284E00374C38 /* AntiAntiDebug.m */,
			);
			name = AntiAntiDebug;
			sourceTree = "<group>";
		};
		5244A8C1204D284E00374C38 /* fishhook */ = {
			isa = PBXGroup;
			children = (
				5244A8C2204D284E00374C38 /* fishhook.c */,
				5244A8C4204D284E00374C38 /* fishhook.h */,
			);
			name = fishhook;
			sourceTree = "<group>";
		};
/* End PBXGroup section */

/* Begin PBXHeadersBuildPhase section */
		5244A8A1204D284E00374C38 /* Headers */ = {
			isa = PBXHeadersBuildPhase;
			buildActionMask = 2147483647;
			files = (
				5244A8B5204D284E00374C38 /* ANYMethodLog.h in Headers */,
				5244A8B9204D284E00374C38 /* MethodTrace.h in Headers */,
				5244A8CA204D284E00374C38 /* Phoenix2Dylib.h in Headers */,
				5244A8C5204D284E00374C38 /* fishhook.h in Headers */,
			);
			runOnlyForDeploymentPostprocessing = 0;
		};
/* End PBXHeadersBuildPhase section */

/* Begin PBXNativeTarget section */
		5244A894204D284E00374C38 /* Phoenix2 */ = {
			isa = PBXNativeTarget;
			buildConfigurationList = 5244A8D2204D284E00374C38 /* Build configuration list for PBXNativeTarget "Phoenix2" */;
			buildPhases = (
				5244A88E204D284E00374C38 /* Sources */,
				5244A88F204D284E00374C38 /* Frameworks */,
				5244A890204D284E00374C38 /* ShellScript */,
				5244A891204D284E00374C38 /* Resources */,
				5244A892204D284E00374C38 /* CopyFiles */,
				5244A893204D284E00374C38 /* ShellScript */,
			);
			buildRules = (
			);
			dependencies = (
				5244A8A6204D284E00374C38 /* PBXTargetDependency */,
			);
			name = Phoenix2;
			productName = Phoenix2;
			productReference = 5244A895204D284E00374C38 /* Phoenix2.app */;
			productType = "com.apple.product-type.application";
		};
		5244A8A2204D284E00374C38 /* Phoenix2Dylib */ = {
			isa = PBXNativeTarget;
			buildConfigurationList = 5244A8CF204D284E00374C38 /* Build configuration list for PBXNativeTarget "Phoenix2Dylib" */;
			buildPhases = (
				5244A89E204D284E00374C38 /* ShellScript */,
				5244A89F204D284E00374C38 /* Sources */,
				5244A8A0204D284E00374C38 /* Frameworks */,
				5244A8A1204D284E00374C38 /* Headers */,
			);
			buildRules = (
			);
			dependencies = (
			);
			name = Phoenix2Dylib;
			productName = Phoenix2Dylib;
			productReference = 5244A8A3204D284E00374C38 /* libPhoenix2Dylib.dylib */;
			productType = "com.apple.product-type.library.dynamic";
		};
/* End PBXNativeTarget section */

/* Begin PBXProject section */
		5244A88A204D284E00374C38 /* Project object */ = {
			isa = PBXProject;
			attributes = {
				LastUpgradeCheck = 0920;
				ORGANIZATIONNAME = "Xiaobin Li";
				TargetAttributes = {
					5244A894204D284E00374C38 = {
						CreatedOnToolsVersion = 9.2;
						ProvisioningStyle = Manual;
					};
					5244A8A2204D284E00374C38 = {
						CreatedOnToolsVersion = 9.2;
						ProvisioningStyle = Manual;
					};
				};
			};
			buildConfigurationList = 5244A88D204D284E00374C38 /* Build configuration list for PBXProject "Phoenix2" */;
			compatibilityVersion = "Xcode 8.0";
			developmentRegion = en;
			hasScannedForEncodings = 0;
			knownRegions = (
				en,
			);
			mainGroup = 5244A889204D284E00374C38;
			productRefGroup = 5244A896204D284E00374C38 /* Products */;
			projectDirPath = "";
			projectRoot = "";
			targets = (
				5244A894204D284E00374C38 /* Phoenix2 */,
				5244A8A2204D284E00374C38 /* Phoenix2Dylib */,
			);
		};
/* End PBXProject section */

/* Begin PBXResourcesBuildPhase section */
		5244A891204D284E00374C38 /* Resources */ = {
			isa = PBXResourcesBuildPhase;
			buildActionMask = 2147483647;
			files = (
				5244A89C204D284E00374C38 /* put ipa or app here in Resources */,
				5244A899204D284E00374C38 /* MethodTraceConfig.plist in Resources */,
			);
			runOnlyForDeploymentPostprocessing = 0;
		};
/* End PBXResourcesBuildPhase section */

/* Begin PBXShellScriptBuildPhase section */
		5244A890204D284E00374C38 /* ShellScript */ = {
			isa = PBXShellScriptBuildPhase;
			buildActionMask = 2147483647;
			files = (
			);
			inputPaths = (
			);
			outputPaths = (
			);
			runOnlyForDeploymentPostprocessing = 0;
			shellPath = /bin/sh;
			shellScript = /opt/MonkeyDev/Tools/pack.sh;
		};
		5244A893204D284E00374C38 /* ShellScript */ = {
			isa = PBXShellScriptBuildPhase;
			buildActionMask = 2147483647;
			files = (
			);
			inputPaths = (
			);
			outputPaths = (
			);
			runOnlyForDeploymentPostprocessing = 0;
			shellPath = /bin/sh;
			shellScript = "/opt/MonkeyDev/Tools/pack.sh codesign";
		};
		5244A89E204D284E00374C38 /* ShellScript */ = {
			isa = PBXShellScriptBuildPhase;
			buildActionMask = 2147483647;
			files = (
			);
			inputPaths = (
			);
			outputPaths = (
			);
			runOnlyForDeploymentPostprocessing = 0;
			shellPath = /bin/sh;
			shellScript = "/opt/MonkeyDev/bin/md --xcbp-logos";
		};
/* End PBXShellScriptBuildPhase section */

/* Begin PBXSourcesBuildPhase section */
		5244A88E204D284E00374C38 /* Sources */ = {
			isa = PBXSourcesBuildPhase;
			buildActionMask = 2147483647;
			files = (
			);
			runOnlyForDeploymentPostprocessing = 0;
		};
		5244A89F204D284E00374C38 /* Sources */ = {
			isa = PBXSourcesBuildPhase;
			buildActionMask = 2147483647;
			files = (
				5244A8C0204D284E00374C38 /* AntiAntiDebug.m in Sources */,
				5244A8C8204D284E00374C38 /* Phoenix2Dylib.mm in Sources */,
				5244A8BB204D284E00374C38 /* MethodTrace.m in Sources */,
				5244A8C3204D284E00374C38 /* fishhook.c in Sources */,
				5244A8B7204D284E00374C38 /* ANYMethodLog.m in Sources */,
				5244A8CC204D284E00374C38 /* Phoenix2Dylib.m in Sources */,
			);
			runOnlyForDeploymentPostprocessing = 0;
		};
/* End PBXSourcesBuildPhase section */

/* Begin PBXTargetDependency section */
		5244A8A6204D284E00374C38 /* PBXTargetDependency */ = {
			isa = PBXTargetDependency;
			target = 5244A8A2204D284E00374C38 /* Phoenix2Dylib */;
			targetProxy = 5244A8A5204D284E00374C38 /* PBXContainerItemProxy */;
		};
/* End PBXTargetDependency section */

/* Begin XCBuildConfiguration section */
		5244A8CD204D284E00374C38 /* Debug */ = {
			isa = XCBuildConfiguration;
			buildSettings = {
				ALWAYS_SEARCH_USER_PATHS = NO;
				CLANG_ANALYZER_NONNULL = YES;
				CLANG_ANALYZER_NUMBER_OBJECT_CONVERSION = YES_AGGRESSIVE;
				CLANG_CXX_LANGUAGE_STANDARD = "gnu++14";
				CLANG_CXX_LIBRARY = "libc++";
				CLANG_ENABLE_MODULES = YES;
				CLANG_ENABLE_OBJC_ARC = YES;
				CLANG_WARN_BLOCK_CAPTURE_AUTORELEASING = YES;
				CLANG_WARN_BOOL_CONVERSION = YES;
				CLANG_WARN_COMMA = YES;
				CLANG_WARN_CONSTANT_CONVERSION = YES;
				CLANG_WARN_DIRECT_OBJC_ISA_USAGE = YES_ERROR;
				CLANG_WARN_DOCUMENTATION_COMMENTS = YES;
				CLANG_WARN_EMPTY_BODY = YES;
				CLANG_WARN_ENUM_CONVERSION = YES;
				CLANG_WARN_INFINITE_RECURSION = YES;
				CLANG_WARN_INT_CONVERSION = YES;
				CLANG_WARN_NON_LITERAL_NULL_CONVERSION = YES;
				CLANG_WARN_OBJC_LITERAL_CONVERSION = YES;
				CLANG_WARN_OBJC_ROOT_CLASS = YES_ERROR;
				CLANG_WARN_RANGE_LOOP_ANALYSIS = YES;
				CLANG_WARN_STRICT_PROTOTYPES = YES;
				CLANG_WARN_SUSPICIOUS_MOVE = YES;
				CLANG_WARN_UNGUARDED_AVAILABILITY = YES_AGGRESSIVE;
				CLANG_WARN_UNREACHABLE_CODE = YES;
				CLANG_WARN__DUPLICATE_METHOD_MATCH = YES;
				CODE_SIGN_IDENTITY = "iPhone Developer";
				COPY_PHASE_STRIP = NO;
				DEBUG_INFORMATION_FORMAT = dwarf;
				ENABLE_STRICT_OBJC_MSGSEND = YES;
				ENABLE_TESTABILITY = YES;
				GCC_C_LANGUAGE_STANDARD = gnu11;
				GCC_DYNAMIC_NO_PIC = NO;
				GCC_NO_COMMON_BLOCKS = YES;
				GCC_OPTIMIZATION_LEVEL = 0;
				GCC_PREPROCESSOR_DEFINITIONS = (
					"DEBUG=1",
					"$(inherited)",
				);
				GCC_WARN_64_TO_32_BIT_CONVERSION = YES;
				GCC_WARN_ABOUT_RETURN_TYPE = YES_ERROR;
				GCC_WARN_UNDECLARED_SELECTOR = YES;
				GCC_WARN_UNINITIALIZED_AUTOS = YES_AGGRESSIVE;
				GCC_WARN_UNUSED_FUNCTION = YES;
				GCC_WARN_UNUSED_VARIABLE = YES;
				IPHONEOS_DEPLOYMENT_TARGET = 8.0;
				MTL_ENABLE_DEBUG_INFO = YES;
				ONLY_ACTIVE_ARCH = YES;
				SDKROOT = iphoneos;
			};
			name = Debug;
		};
		5244A8CE204D284E00374C38 /* Release */ = {
			isa = XCBuildConfiguration;
			buildSettings = {
				ALWAYS_SEARCH_USER_PATHS = NO;
				CLANG_ANALYZER_NONNULL = YES;
				CLANG_ANALYZER_NUMBER_OBJECT_CONVERSION = YES_AGGRESSIVE;
				CLANG_CXX_LANGUAGE_STANDARD = "gnu++14";
				CLANG_CXX_LIBRARY = "libc++";
				CLANG_ENABLE_MODULES = YES;
				CLANG_ENABLE_OBJC_ARC = YES;
				CLANG_WARN_BLOCK_CAPTURE_AUTORELEASING = YES;
				CLANG_WARN_BOOL_CONVERSION = YES;
				CLANG_WARN_COMMA = YES;
				CLANG_WARN_CONSTANT_CONVERSION = YES;
				CLANG_WARN_DIRECT_OBJC_ISA_USAGE = YES_ERROR;
				CLANG_WARN_DOCUMENTATION_COMMENTS = YES;
				CLANG_WARN_EMPTY_BODY = YES;
				CLANG_WARN_ENUM_CONVERSION = YES;
				CLANG_WARN_INFINITE_RECURSION = YES;
				CLANG_WARN_INT_CONVERSION = YES;
				CLANG_WARN_NON_LITERAL_NULL_CONVERSION = YES;
				CLANG_WARN_OBJC_LITERAL_CONVERSION = YES;
				CLANG_WARN_OBJC_ROOT_CLASS = YES_ERROR;
				CLANG_WARN_RANGE_LOOP_ANALYSIS = YES;
				CLANG_WARN_STRICT_PROTOTYPES = YES;
				CLANG_WARN_SUSPICIOUS_MOVE = YES;
				CLANG_WARN_UNGUARDED_AVAILABILITY = YES_AGGRESSIVE;
				CLANG_WARN_UNREACHABLE_CODE = YES;
				CLANG_WARN__DUPLICATE_METHOD_MATCH = YES;
				CODE_SIGN_IDENTITY = "iPhone Developer";
				COPY_PHASE_STRIP = NO;
				DEBUG_INFORMATION_FORMAT = "dwarf-with-dsym";
				ENABLE_NS_ASSERTIONS = NO;
				ENABLE_STRICT_OBJC_MSGSEND = YES;
				GCC_C_LANGUAGE_STANDARD = gnu11;
				GCC_NO_COMMON_BLOCKS = YES;
				GCC_WARN_64_TO_32_BIT_CONVERSION = YES;
				GCC_WARN_ABOUT_RETURN_TYPE = YES_ERROR;
				GCC_WARN_UNDECLARED_SELECTOR = YES;
				GCC_WARN_UNINITIALIZED_AUTOS = YES_AGGRESSIVE;
				GCC_WARN_UNUSED_FUNCTION = YES;
				GCC_WARN_UNUSED_VARIABLE = YES;
				IPHONEOS_DEPLOYMENT_TARGET = 8.0;
				MTL_ENABLE_DEBUG_INFO = NO;
				SDKROOT = iphoneos;
				VALIDATE_PRODUCT = YES;
			};
			name = Release;
		};
		5244A8D0204D284E00374C38 /* Debug */ = {
			isa = XCBuildConfiguration;
			buildSettings = {
				CODE_SIGN_STYLE = Manual;
				DEVELOPMENT_TEAM = UF5W33258N;
				DYLIB_COMPATIBILITY_VERSION = 1;
				DYLIB_CURRENT_VERSION = 1;
				ENABLE_BITCODE = NO;
				EXCLUDED_RECURSIVE_SEARCH_PATH_SUBDIRECTORIES = "*.nib *.lproj *.gch (*) .DS_Store CVS .svn .git .hg *.xcodeproj *.xcode *.pbproj *.pbxproj";
				EXECUTABLE_PREFIX = lib;
				FRAMEWORK_SEARCH_PATHS = (
					"$(inherited)",
					"$(MonkeyDevPath)/Frameworks/**",
					"$(MonkeyDevPath)/Librarys/**",
					"$(MonkeyDevTheosPath)/vendor/lib",
				);
				GCC_C_LANGUAGE_STANDARD = gnu99;
				GCC_PRECOMPILE_PREFIX_HEADER = YES;
				GCC_PREFIX_HEADER = "Phoenix2Dylib/Phoenix2Dylib-Prefix.pch";
				GCC_SYMBOLS_PRIVATE_EXTERN = NO;
				GCC_WARN_ABOUT_MISSING_PROTOTYPES = YES;
				GCC_WARN_ABOUT_RETURN_TYPE = YES;
				HEADER_SEARCH_PATHS = (
					"$(inherited)",
					"$(MonkeyDevPath)/include",
					"$(MonkeyDevTheosPath)/vendor/include/**",
				);
				INSTALL_PATH = "@executable_path/Frameworks/libPhoenix2Dylib.dylib";
				LD_RUNPATH_SEARCH_PATHS = "$(inherited) @executable_path/Frameworks";
				LIBRARY_SEARCH_PATHS = (
					"$(inherited)",
					"$(MonkeyDevPath)/Frameworks",
					"$(MonkeyDevTheosPath)/vendor/lib/**",
				);
				MonkeyDevPath = /opt/MonkeyDev;
				MonkeyDevTheosPath = /opt/theos;
				OTHER_CFLAGS = (
					"$(inherited)",
					"-DTHEOS_INSTANCE_NAME=\"\\\"Phoenix2Dylib\\\"\"",
				);
				OTHER_LDFLAGS = (
					"$(inherited)",
					"-weak_library",
					"/usr/lib/libc++.dylib",
					"-weak_library",
					"/usr/lib/libstdc++.dylib",
					"-lsubstrate",
				);
				PRODUCT_NAME = "$(TARGET_NAME)";
				PROVISIONING_PROFILE_SPECIFIER = "";
				TARGETED_DEVICE_FAMILY = "1,2";
				VALIDATE_PRODUCT = NO;
				VALID_ARCHS = arm64;
			};
			name = Debug;
		};
		5244A8D1204D284E00374C38 /* Release */ = {
			isa = XCBuildConfiguration;
			buildSettings = {
				CODE_SIGN_STYLE = Manual;
				COPY_PHASE_STRIP = YES;
				DEVELOPMENT_TEAM = UF5W33258N;
				DYLIB_COMPATIBILITY_VERSION = 1;
				DYLIB_CURRENT_VERSION = 1;
				ENABLE_BITCODE = NO;
				EXCLUDED_RECURSIVE_SEARCH_PATH_SUBDIRECTORIES = "*.nib *.lproj *.gch (*) .DS_Store CVS .svn .git .hg *.xcodeproj *.xcode *.pbproj *.pbxproj";
				EXECUTABLE_PREFIX = lib;
				FRAMEWORK_SEARCH_PATHS = (
					"$(inherited)",
					"$(MonkeyDevPath)/Frameworks/**",
					"$(MonkeyDevPath)/Librarys/**",
					"$(MonkeyDevTheosPath)/vendor/lib",
				);
				GCC_C_LANGUAGE_STANDARD = gnu99;
				GCC_PRECOMPILE_PREFIX_HEADER = YES;
				GCC_PREFIX_HEADER = "Phoenix2Dylib/Phoenix2Dylib-Prefix.pch";
				GCC_WARN_ABOUT_MISSING_PROTOTYPES = YES;
				GCC_WARN_ABOUT_RETURN_TYPE = YES;
				HEADER_SEARCH_PATHS = (
					"$(inherited)",
					"$(MonkeyDevPath)/include",
					"$(MonkeyDevTheosPath)/vendor/include/**",
				);
				INSTALL_PATH = "@executable_path/Frameworks/libPhoenix2Dylib.dylib";
				LD_RUNPATH_SEARCH_PATHS = "$(inherited) @executable_path/Frameworks";
				LIBRARY_SEARCH_PATHS = (
					"$(inherited)",
					"$(MonkeyDevPath)/Frameworks",
					"$(MonkeyDevTheosPath)/vendor/lib/**",
				);
				MonkeyDevPath = /opt/MonkeyDev;
				MonkeyDevTheosPath = /opt/theos;
				OTHER_CFLAGS = (
					"$(inherited)",
					"-DTHEOS_INSTANCE_NAME=\"\\\"Phoenix2Dylib\\\"\"",
				);
				OTHER_LDFLAGS = (
					"$(inherited)",
					"-weak_library",
					"/usr/lib/libc++.dylib",
					"-weak_library",
					"/usr/lib/libstdc++.dylib",
					"-lsubstrate",
				);
				PRODUCT_NAME = "$(TARGET_NAME)";
				PROVISIONING_PROFILE_SPECIFIER = "";
				TARGETED_DEVICE_FAMILY = "1,2";
				VALID_ARCHS = arm64;
			};
			name = Release;
		};
		5244A8D3204D284E00374C38 /* Debug */ = {
			isa = XCBuildConfiguration;
			buildSettings = {
				CODE_SIGN_STYLE = Manual;
				DEVELOPMENT_TEAM = UF5W33258N;
				ENABLE_BITCODE = NO;
				INFOPLIST_FILE = Phoenix2/Info.plist;
				IPHONEOS_DEPLOYMENT_TARGET = 8.0;
				MONKEYDEV_CLASS_DUMP = NO;
				MONKEYDEV_RESTORE_SYMBOL = NO;
				PODS_CONFIGURATION_BUILD_DIR = "$BUILD_DIR/$(CONFIGURATION)$(EFFECTIVE_PLATFORM_NAME)";
				PODS_ROOT = "${SRCROOT}/Pods";
				PRODUCT_BUNDLE_IDENTIFIER = com.xl.phoenixii;
				PRODUCT_NAME = "$(TARGET_NAME)";
				PROVISIONING_PROFILE = "a233143e-1a48-4b80-b6f9-34ef00b5d12b";
				PROVISIONING_PROFILE_SPECIFIER = TeamDev;
				TARGETED_DEVICE_FAMILY = "1,2";
				VALID_ARCHS = arm64;
			};
			name = Debug;
		};
		5244A8D4204D284E00374C38 /* Release */ = {
			isa = XCBuildConfiguration;
			buildSettings = {
				CODE_SIGN_STYLE = Manual;
				DEVELOPMENT_TEAM = UF5W33258N;
				ENABLE_BITCODE = NO;
				INFOPLIST_FILE = Phoenix2/Info.plist;
				IPHONEOS_DEPLOYMENT_TARGET = 8.0;
				MONKEYDEV_CLASS_DUMP = NO;
				MONKEYDEV_RESTORE_SYMBOL = NO;
				PODS_CONFIGURATION_BUILD_DIR = "$BUILD_DIR/$(CONFIGURATION)$(EFFECTIVE_PLATFORM_NAME)";
				PODS_ROOT = "${SRCROOT}/Pods";
				PRODUCT_BUNDLE_IDENTIFIER = com.xl.phoenixii;
				PRODUCT_NAME = "$(TARGET_NAME)";
				PROVISIONING_PROFILE = "a233143e-1a48-4b80-b6f9-34ef00b5d12b";
				PROVISIONING_PROFILE_SPECIFIER = TeamDev;
				TARGETED_DEVICE_FAMILY = "1,2";
				VALID_ARCHS = arm64;
			};
			name = Release;
		};
/* End XCBuildConfiguration section */

/* Begin XCConfigurationList section */
		5244A88D204D284E00374C38 /* Build configuration list for PBXProject "Phoenix2" */ = {
			isa = XCConfigurationList;
			buildConfigurations = (
				5244A8CD204D284E00374C38 /* Debug */,
				5244A8CE204D284E00374C38 /* Release */,
			);
			defaultConfigurationIsVisible = 0;
			defaultConfigurationName = Release;
		};
		5244A8CF204D284E00374C38 /* Build configuration list for PBXNativeTarget "Phoenix2Dylib" */ = {
			isa = XCConfigurationList;
			buildConfigurations = (
				5244A8D0204D284E00374C38 /* Debug */,
				5244A8D1204D284E00374C38 /* Release */,
			);
			defaultConfigurationIsVisible = 0;
			defaultConfigurationName = Release;
		};
		5244A8D2204D284E00374C38 /* Build configuration list for PBXNativeTarget "Phoenix2" */ = {
			isa = XCConfigurationList;
			buildConfigurations = (
				5244A8D3204D284E00374C38 /* Debug */,
				5244A8D4204D284E00374C38 /* Release */,
			);
			defaultConfigurationIsVisible = 0;
			defaultConfigurationName = Release;
		};
/* End XCConfigurationList section */
	};
	rootObject = 5244A88A204D284E00374C38 /* Project object */;
}
